
Microsoft Visual Studio Solution File, Format Version 12.00
# Visual Studio Version 16
VisualStudioVersion = 16.0.29306.81
MinimumVisualStudioVersion = 10.0.40219.1
Project("{FAE04EC0-301F-11D3-BF4B-00C04F79EFBC}") = "BTS.SP.API", "BTS.SP.API\BTS.SP.API.csproj", "{6557594A-1011-4B70-AD86-BB9EEF7A886E}"
EndProject
Project("{FAE04EC0-301F-11D3-BF4B-00C04F79EFBC}") = "BTS.API.ENTITY", "BTS.API.ENTITY\BTS.API.ENTITY.csproj", "{2BEE3908-6263-4AD2-9208-C3779001A2AA}"
EndProject
Project("{FAE04EC0-301F-11D3-BF4B-00C04F79EFBC}") = "BTS.API.SERVICE", "BTS.API.SERVICE\BTS.API.SERVICE.csproj", "{228FE950-78BD-4CB6-BB09-C4B19316C016}"
EndProject
Project("{FAE04EC0-301F-11D3-BF4B-00C04F79EFBC}") = "BTS.API.ASYNC", "BTS.API.ASYNC\BTS.API.ASYNC.csproj", "{031FEFE0-E286-4950-B5F4-1DE05ECDBFC8}"
EndProject
Project("{FAE04EC0-301F-11D3-BF4B-00C04F79EFBC}") = "BTS.SP.INTERNET", "BTS.SP.INTERNET\BTS.SP.INTERNET.csproj", "{DF7DB9D3-F4A0-4943-A220-249AD73690B2}"
EndProject
Global
	GlobalSection(SolutionConfigurationPlatforms) = preSolution
		Debug|Any CPU = Debug|Any CPU
		Debug|x64 = Debug|x64
		DebugLocal|Any CPU = DebugLocal|Any CPU
		DebugLocal|x64 = DebugLocal|x64
		Release|Any CPU = Release|Any CPU
		Release|x64 = Release|x64
	EndGlobalSection
	GlobalSection(ProjectConfigurationPlatforms) = postSolution
		{6557594A-1011-4B70-AD86-BB9EEF7A886E}.Debug|Any CPU.ActiveCfg = Debug|Any CPU
		{6557594A-1011-4B70-AD86-BB9EEF7A886E}.Debug|Any CPU.Build.0 = Debug|Any CPU
		{6557594A-1011-4B70-AD86-BB9EEF7A886E}.Debug|x64.ActiveCfg = Debug|Any CPU
		{6557594A-1011-4B70-AD86-BB9EEF7A886E}.Debug|x64.Build.0 = Debug|Any CPU
		{6557594A-1011-4B70-AD86-BB9EEF7A886E}.DebugLocal|Any CPU.ActiveCfg = Debug|Any CPU
		{6557594A-1011-4B70-AD86-BB9EEF7A886E}.DebugLocal|Any CPU.Build.0 = Debug|Any CPU
		{6557594A-1011-4B70-AD86-BB9EEF7A886E}.DebugLocal|x64.ActiveCfg = Debug|Any CPU
		{6557594A-1011-4B70-AD86-BB9EEF7A886E}.DebugLocal|x64.Build.0 = Debug|Any CPU
		{6557594A-1011-4B70-AD86-BB9EEF7A886E}.Release|Any CPU.ActiveCfg = Release|Any CPU
		{6557594A-1011-4B70-AD86-BB9EEF7A886E}.Release|Any CPU.Build.0 = Release|Any CPU
		{6557594A-1011-4B70-AD86-BB9EEF7A886E}.Release|x64.ActiveCfg = Release|Any CPU
		{6557594A-1011-4B70-AD86-BB9EEF7A886E}.Release|x64.Build.0 = Release|Any CPU
		{2BEE3908-6263-4AD2-9208-C3779001A2AA}.Debug|Any CPU.ActiveCfg = Debug|Any CPU
		{2BEE3908-6263-4AD2-9208-C3779001A2AA}.Debug|Any CPU.Build.0 = Debug|Any CPU
		{2BEE3908-6263-4AD2-9208-C3779001A2AA}.Debug|x64.ActiveCfg = Debug|Any CPU
		{2BEE3908-6263-4AD2-9208-C3779001A2AA}.Debug|x64.Build.0 = Debug|Any CPU
		{2BEE3908-6263-4AD2-9208-C3779001A2AA}.DebugLocal|Any CPU.ActiveCfg = Debug|Any CPU
		{2BEE3908-6263-4AD2-9208-C3779001A2AA}.DebugLocal|Any CPU.Build.0 = Debug|Any CPU
		{2BEE3908-6263-4AD2-9208-C3779001A2AA}.DebugLocal|x64.ActiveCfg = Debug|Any CPU
		{2BEE3908-6263-4AD2-9208-C3779001A2AA}.DebugLocal|x64.Build.0 = Debug|Any CPU
		{2BEE3908-6263-4AD2-9208-C3779001A2AA}.Release|Any CPU.ActiveCfg = Release|Any CPU
		{2BEE3908-6263-4AD2-9208-C3779001A2AA}.Release|Any CPU.Build.0 = Release|Any CPU
		{2BEE3908-6263-4AD2-9208-C3779001A2AA}.Release|x64.ActiveCfg = Release|Any CPU
		{2BEE3908-6263-4AD2-9208-C3779001A2AA}.Release|x64.Build.0 = Release|Any CPU
		{228FE950-78BD-4CB6-BB09-C4B19316C016}.Debug|Any CPU.ActiveCfg = Debug|Any CPU
		{228FE950-78BD-4CB6-BB09-C4B19316C016}.Debug|Any CPU.Build.0 = Debug|Any CPU
		{228FE950-78BD-4CB6-BB09-C4B19316C016}.Debug|x64.ActiveCfg = Debug|Any CPU
		{228FE950-78BD-4CB6-BB09-C4B19316C016}.Debug|x64.Build.0 = Debug|Any CPU
		{228FE950-78BD-4CB6-BB09-C4B19316C016}.DebugLocal|Any CPU.ActiveCfg = Debug|Any CPU
		{228FE950-78BD-4CB6-BB09-C4B19316C016}.DebugLocal|Any CPU.Build.0 = Debug|Any CPU
		{228FE950-78BD-4CB6-BB09-C4B19316C016}.DebugLocal|x64.ActiveCfg = Debug|Any CPU
		{228FE950-78BD-4CB6-BB09-C4B19316C016}.DebugLocal|x64.Build.0 = Debug|Any CPU
		{228FE950-78BD-4CB6-BB09-C4B19316C016}.Release|Any CPU.ActiveCfg = Release|Any CPU
		{228FE950-78BD-4CB6-BB09-C4B19316C016}.Release|Any CPU.Build.0 = Release|Any CPU
		{228FE950-78BD-4CB6-BB09-C4B19316C016}.Release|x64.ActiveCfg = Release|Any CPU
		{228FE950-78BD-4CB6-BB09-C4B19316C016}.Release|x64.Build.0 = Release|Any CPU
		{031FEFE0-E286-4950-B5F4-1DE05ECDBFC8}.Debug|Any CPU.ActiveCfg = Debug|Any CPU
		{031FEFE0-E286-4950-B5F4-1DE05ECDBFC8}.Debug|Any CPU.Build.0 = Debug|Any CPU
		{031FEFE0-E286-4950-B5F4-1DE05ECDBFC8}.Debug|x64.ActiveCfg = Debug|Any CPU
		{031FEFE0-E286-4950-B5F4-1DE05ECDBFC8}.Debug|x64.Build.0 = Debug|Any CPU
		{031FEFE0-E286-4950-B5F4-1DE05ECDBFC8}.DebugLocal|Any CPU.ActiveCfg = Debug|Any CPU
		{031FEFE0-E286-4950-B5F4-1DE05ECDBFC8}.DebugLocal|Any CPU.Build.0 = Debug|Any CPU
		{031FEFE0-E286-4950-B5F4-1DE05ECDBFC8}.DebugLocal|x64.ActiveCfg = Debug|Any CPU
		{031FEFE0-E286-4950-B5F4-1DE05ECDBFC8}.DebugLocal|x64.Build.0 = Debug|Any CPU
		{031FEFE0-E286-4950-B5F4-1DE05ECDBFC8}.Release|Any CPU.ActiveCfg = Release|Any CPU
		{031FEFE0-E286-4950-B5F4-1DE05ECDBFC8}.Release|Any CPU.Build.0 = Release|Any CPU
		{031FEFE0-E286-4950-B5F4-1DE05ECDBFC8}.Release|x64.ActiveCfg = Release|Any CPU
		{031FEFE0-E286-4950-B5F4-1DE05ECDBFC8}.Release|x64.Build.0 = Release|Any CPU
		{DF7DB9D3-F4A0-4943-A220-249AD73690B2}.Debug|Any CPU.ActiveCfg = Debug|Any CPU
		{DF7DB9D3-F4A0-4943-A220-249AD73690B2}.Debug|Any CPU.Build.0 = Debug|Any CPU
		{DF7DB9D3-F4A0-4943-A220-249AD73690B2}.Debug|x64.ActiveCfg = Debug|Any CPU
		{DF7DB9D3-F4A0-4943-A220-249AD73690B2}.Debug|x64.Build.0 = Debug|Any CPU
		{DF7DB9D3-F4A0-4943-A220-249AD73690B2}.DebugLocal|Any CPU.ActiveCfg = Debug|Any CPU
		{DF7DB9D3-F4A0-4943-A220-249AD73690B2}.DebugLocal|Any CPU.Build.0 = Debug|Any CPU
		{DF7DB9D3-F4A0-4943-A220-249AD73690B2}.DebugLocal|x64.ActiveCfg = Debug|Any CPU
		{DF7DB9D3-F4A0-4943-A220-249AD73690B2}.DebugLocal|x64.Build.0 = Debug|Any CPU
		{DF7DB9D3-F4A0-4943-A220-249AD73690B2}.Release|Any CPU.ActiveCfg = Release|Any CPU
		{DF7DB9D3-F4A0-4943-A220-249AD73690B2}.Release|Any CPU.Build.0 = Release|Any CPU
		{DF7DB9D3-F4A0-4943-A220-249AD73690B2}.Release|x64.ActiveCfg = Release|Any CPU
		{DF7DB9D3-F4A0-4943-A220-249AD73690B2}.Release|x64.Build.0 = Release|Any CPU
	EndGlobalSection
	GlobalSection(SolutionProperties) = preSolution
		HideSolutionNode = FALSE
	EndGlobalSection
	GlobalSection(ExtensibilityGlobals) = postSolution
		SolutionGuid = {170C4B1B-544E-487F-AB93-AC81D9C61882}
	EndGlobalSection
EndGlobal
